
Microsoft Visual Studio Solution File, Format Version 12.00
# Visual Studio Version 17
VisualStudioVersion = 17.13.35825.156 d17.13
MinimumVisualStudioVersion = 10.0.40219.1
Project("{FAE04EC0-301F-11D3-BF4B-00C04F79EFBC}") = "L02P02_2022SC653-2022VM650", "L02P02_2022SC653-2022VM650\L02P02_2022SC653-2022VM650.csproj", "{02B787E6-10BD-41DA-8A84-D8FC9553F55D}"
EndProject
Global
	GlobalSection(SolutionConfigurationPlatforms) = preSolution
		Debug|Any CPU = Debug|Any CPU
		Release|Any CPU = Release|Any CPU
	EndGlobalSection
	GlobalSection(ProjectConfigurationPlatforms) = postSolution
		{02B787E6-10BD-41DA-8A84-D8FC9553F55D}.Debug|Any CPU.ActiveCfg = Debug|Any CPU
		{02B787E6-10BD-41DA-8A84-D8FC9553F55D}.Debug|Any CPU.Build.0 = Debug|Any CPU
		{02B787E6-10BD-41DA-8A84-D8FC9553F55D}.Release|Any CPU.ActiveCfg = Release|Any CPU
		{02B787E6-10BD-41DA-8A84-D8FC9553F55D}.Release|Any CPU.Build.0 = Release|Any CPU
	EndGlobalSection
	GlobalSection(SolutionProperties) = preSolution
		HideSolutionNode = FALSE
	EndGlobalSection
	GlobalSection(ExtensibilityGlobals) = postSolution
		SolutionGuid = {E4B484FA-BBF1-4511-9441-E1D836D89396}
	EndGlobalSection
EndGlobal
